
Microsoft Visual Studio Solution File, Format Version 12.00
# Visual Studio 15
VisualStudioVersion = 15.0.28307.1259
MinimumVisualStudioVersion = 10.0.40219.1
Project("{FAE04EC0-301F-11D3-BF4B-00C04F79EFBC}") = "Practice 5", "Practice 5\Practice 5.csproj", "{060D432F-FE07-49D5-90D3-95A31AA18A69}"
EndProject
Global
	GlobalSection(SolutionConfigurationPlatforms) = preSolution
		Debug|Any CPU = Debug|Any CPU
		Release|Any CPU = Release|Any CPU
	EndGlobalSection
	GlobalSection(ProjectConfigurationPlatforms) = postSolution
		{060D432F-FE07-49D5-90D3-95A31AA18A69}.Debug|Any CPU.ActiveCfg = Debug|Any CPU
		{060D432F-FE07-49D5-90D3-95A31AA18A69}.Debug|Any CPU.Build.0 = Debug|Any CPU
		{060D432F-FE07-49D5-90D3-95A31AA18A69}.Release|Any CPU.ActiveCfg = Release|Any CPU
		{060D432F-FE07-49D5-90D3-95A31AA18A69}.Release|Any CPU.Build.0 = Release|Any CPU
	EndGlobalSection
	GlobalSection(SolutionProperties) = preSolution
		HideSolutionNode = FALSE
	EndGlobalSection
	GlobalSection(ExtensibilityGlobals) = postSolution
		SolutionGuid = {EBCAE5B0-A5F1-4939-820F-40AF38638D0F}
	EndGlobalSection
EndGlobal
